
Microsoft Visual Studio Solution File, Format Version 12.00
# Visual Studio 15
VisualStudioVersion = 15.0.28010.2048
MinimumVisualStudioVersion = 10.0.40219.1
Project("{FAE04EC0-301F-11D3-BF4B-00C04F79EFBC}") = "MSMQUtil", "MSMQUtil\MSMQUtil.csproj", "{8C70CABF-4C8B-4FB3-BC01-AF994CA95E78}"
EndProject
Project("{FAE04EC0-301F-11D3-BF4B-00C04F79EFBC}") = "MSMQTest", "MSMQTest\MSMQTest.csproj", "{57EAC872-2FF7-4075-BC6C-B9267D18E03A}"
EndProject
Global
	GlobalSection(SolutionConfigurationPlatforms) = preSolution
		Debug|Any CPU = Debug|Any CPU
		Release|Any CPU = Release|Any CPU
	EndGlobalSection
	GlobalSection(ProjectConfigurationPlatforms) = postSolution
		{8C70CABF-4C8B-4FB3-BC01-AF994CA95E78}.Debug|Any CPU.ActiveCfg = Debug|Any CPU
		{8C70CABF-4C8B-4FB3-BC01-AF994CA95E78}.Debug|Any CPU.Build.0 = Debug|Any CPU
		{8C70CABF-4C8B-4FB3-BC01-AF994CA95E78}.Release|Any CPU.ActiveCfg = Release|Any CPU
		{8C70CABF-4C8B-4FB3-BC01-AF994CA95E78}.Release|Any CPU.Build.0 = Release|Any CPU
		{57EAC872-2FF7-4075-BC6C-B9267D18E03A}.Debug|Any CPU.ActiveCfg = Debug|Any CPU
		{57EAC872-2FF7-4075-BC6C-B9267D18E03A}.Debug|Any CPU.Build.0 = Debug|Any CPU
		{57EAC872-2FF7-4075-BC6C-B9267D18E03A}.Release|Any CPU.ActiveCfg = Release|Any CPU
		{57EAC872-2FF7-4075-BC6C-B9267D18E03A}.Release|Any CPU.Build.0 = Release|Any CPU
	EndGlobalSection
	GlobalSection(SolutionProperties) = preSolution
		HideSolutionNode = FALSE
	EndGlobalSection
	GlobalSection(ExtensibilityGlobals) = postSolution
		SolutionGuid = {D5A4CC2A-78A8-465C-9470-DD1BD6787BF2}
	EndGlobalSection
EndGlobal
